// !$*UTF8*$!
{
	archiveVersion = 1;
	classes = {
	};
	objectVersion = 56;
	objects = {

/* Begin PBXBuildFile section */
		16AFDEE7CF800C49BC1EB1C3 /* awsconfiguration.json in Resources */ = {isa = PBXBuildFile; fileRef = 75E327656B1EB841F9F7A8F5 /* awsconfiguration.json */; };
		3DAC38B493A656FEE137BB91 /* amplifyconfiguration.json in Resources */ = {isa = PBXBuildFile; fileRef = 0E2B0F6A8304202FDBF55115 /* amplifyconfiguration.json */; };
		64C9975427DCA45AA44743D2 /* AmplifyModels.swift in Sources */ = {isa = PBXBuildFile; fileRef = 69C011DCF1152CCCC586BBF0 /* AmplifyModels.swift */; };
		6549A5662A70794E00F684FD /* AuthenticatorView.swift in Sources */ = {isa = PBXBuildFile; fileRef = 6549A5652A70794E00F684FD /* AuthenticatorView.swift */; };
		6549A5682A71B04500F684FD /* SettingsView.swift in Sources */ = {isa = PBXBuildFile; fileRef = 6549A5672A71B04500F684FD /* SettingsView.swift */; };
		6549A56A2A71BD8E00F684FD /* SettingsButton.swift in Sources */ = {isa = PBXBuildFile; fileRef = 6549A5692A71BD8E00F684FD /* SettingsButton.swift */; };
		6549A56E2A730B5400F684FD /* BackButton.swift in Sources */ = {isa = PBXBuildFile; fileRef = 6549A56D2A730B5400F684FD /* BackButton.swift */; };
		654F3A342A263D6600C405ED /* PlayerView.swift in Sources */ = {isa = PBXBuildFile; fileRef = 654F3A332A263D6600C405ED /* PlayerView.swift */; };
		654F3A362A263D7E00C405ED /* PlayButton.swift in Sources */ = {isa = PBXBuildFile; fileRef = 654F3A352A263D7E00C405ED /* PlayButton.swift */; };
		656229122A1BEA1F00FBD080 /* PodcastViewModel.swift in Sources */ = {isa = PBXBuildFile; fileRef = 656229112A1BEA1F00FBD080 /* PodcastViewModel.swift */; };
		65733E482A4345370049C5C5 /* AWSAPIPlugin in Frameworks */ = {isa = PBXBuildFile; productRef = 65733E472A4345370049C5C5 /* AWSAPIPlugin */; };
		65733E4A2A4345370049C5C5 /* AWSCognitoAuthPlugin in Frameworks */ = {isa = PBXBuildFile; productRef = 65733E492A4345370049C5C5 /* AWSCognitoAuthPlugin */; };
		65733E4C2A4345370049C5C5 /* AWSDataStorePlugin in Frameworks */ = {isa = PBXBuildFile; productRef = 65733E4B2A4345370049C5C5 /* AWSDataStorePlugin */; };
		65733E4E2A4345370049C5C5 /* AWSPredictionsPlugin in Frameworks */ = {isa = PBXBuildFile; productRef = 65733E4D2A4345370049C5C5 /* AWSPredictionsPlugin */; };
		65733E502A4345370049C5C5 /* AWSS3StoragePlugin in Frameworks */ = {isa = PBXBuildFile; productRef = 65733E4F2A4345370049C5C5 /* AWSS3StoragePlugin */; };
		65733E522A4345370049C5C5 /* Amplify in Frameworks */ = {isa = PBXBuildFile; productRef = 65733E512A4345370049C5C5 /* Amplify */; };
		657C2DC32A181DD800A9CA01 /* FrenchAppApp.swift in Sources */ = {isa = PBXBuildFile; fileRef = 657C2DC22A181DD800A9CA01 /* FrenchAppApp.swift */; };
		657C2DC52A181DD800A9CA01 /* ContentView.swift in Sources */ = {isa = PBXBuildFile; fileRef = 657C2DC42A181DD800A9CA01 /* ContentView.swift */; };
		657C2DC72A181DDA00A9CA01 /* Assets.xcassets in Resources */ = {isa = PBXBuildFile; fileRef = 657C2DC62A181DDA00A9CA01 /* Assets.xcassets */; };
		657C2DCB2A181DDA00A9CA01 /* Preview Assets.xcassets in Resources */ = {isa = PBXBuildFile; fileRef = 657C2DCA2A181DDA00A9CA01 /* Preview Assets.xcassets */; };
		65B8543D2A3675C7000DC1BE /* AudioManager.swift in Sources */ = {isa = PBXBuildFile; fileRef = 65B8543C2A3675C7000DC1BE /* AudioManager.swift */; };
		65B8544C2A390925000DC1BE /* CognitoAuthVM.swift in Sources */ = {isa = PBXBuildFile; fileRef = 65B8544B2A390925000DC1BE /* CognitoAuthVM.swift */; };
		65B8544F2A390DC2000DC1BE /* Authenticator in Frameworks */ = {isa = PBXBuildFile; productRef = 65B8544E2A390DC2000DC1BE /* Authenticator */; };
		65C7C2A72A477F9F00016187 /* DialogBubble.swift in Sources */ = {isa = PBXBuildFile; fileRef = 65C7C2A62A477F9F00016187 /* DialogBubble.swift */; };
		65C7C2AB2A47887A00016187 /* DialogView.swift in Sources */ = {isa = PBXBuildFile; fileRef = 65C7C2AA2A47887A00016187 /* DialogView.swift */; };
		65C7C2AD2A478A7D00016187 /* PodcastView.swift in Sources */ = {isa = PBXBuildFile; fileRef = 65C7C2AC2A478A7D00016187 /* PodcastView.swift */; };
		CCD96679DD436622A0763B2E /* Podcast.swift in Sources */ = {isa = PBXBuildFile; fileRef = E689CA9B481301F395A695A0 /* Podcast.swift */; };
		FF1297FF7C336894313921D9 /* Podcast+Schema.swift in Sources */ = {isa = PBXBuildFile; fileRef = 32BD5E3ED1F9ECE15E838D35 /* Podcast+Schema.swift */; };
/* End PBXBuildFile section */

/* Begin PBXFileReference section */
		0E2B0F6A8304202FDBF55115 /* amplifyconfiguration.json */ = {isa = PBXFileReference; explicitFileType = text.json; path = amplifyconfiguration.json; sourceTree = "<group>"; };
		32BD5E3ED1F9ECE15E838D35 /* Podcast+Schema.swift */ = {isa = PBXFileReference; explicitFileType = sourcecode.swift; name = "Podcast+Schema.swift"; path = "amplify/generated/models/Podcast+Schema.swift"; sourceTree = "<group>"; };
		6549A5652A70794E00F684FD /* AuthenticatorView.swift */ = {isa = PBXFileReference; lastKnownFileType = sourcecode.swift; path = AuthenticatorView.swift; sourceTree = "<group>"; };
		6549A5672A71B04500F684FD /* SettingsView.swift */ = {isa = PBXFileReference; lastKnownFileType = sourcecode.swift; path = SettingsView.swift; sourceTree = "<group>"; };
		6549A5692A71BD8E00F684FD /* SettingsButton.swift */ = {isa = PBXFileReference; lastKnownFileType = sourcecode.swift; path = SettingsButton.swift; sourceTree = "<group>"; };
		6549A56D2A730B5400F684FD /* BackButton.swift */ = {isa = PBXFileReference; lastKnownFileType = sourcecode.swift; path = BackButton.swift; sourceTree = "<group>"; };
		654F3A332A263D6600C405ED /* PlayerView.swift */ = {isa = PBXFileReference; lastKnownFileType = sourcecode.swift; path = PlayerView.swift; sourceTree = "<group>"; };
		654F3A352A263D7E00C405ED /* PlayButton.swift */ = {isa = PBXFileReference; lastKnownFileType = sourcecode.swift; path = PlayButton.swift; sourceTree = "<group>"; };
		656229112A1BEA1F00FBD080 /* PodcastViewModel.swift */ = {isa = PBXFileReference; lastKnownFileType = sourcecode.swift; path = PodcastViewModel.swift; sourceTree = "<group>"; };
		657C2DBF2A181DD800A9CA01 /* FrenchApp.app */ = {isa = PBXFileReference; explicitFileType = wrapper.application; includeInIndex = 0; path = FrenchApp.app; sourceTree = BUILT_PRODUCTS_DIR; };
		657C2DC22A181DD800A9CA01 /* FrenchAppApp.swift */ = {isa = PBXFileReference; lastKnownFileType = sourcecode.swift; path = FrenchAppApp.swift; sourceTree = "<group>"; };
		657C2DC42A181DD800A9CA01 /* ContentView.swift */ = {isa = PBXFileReference; lastKnownFileType = sourcecode.swift; path = ContentView.swift; sourceTree = "<group>"; };
		657C2DC62A181DDA00A9CA01 /* Assets.xcassets */ = {isa = PBXFileReference; lastKnownFileType = folder.assetcatalog; path = Assets.xcassets; sourceTree = "<group>"; };
		657C2DC82A181DDA00A9CA01 /* FrenchApp.entitlements */ = {isa = PBXFileReference; lastKnownFileType = text.plist.entitlements; path = FrenchApp.entitlements; sourceTree = "<group>"; };
		657C2DCA2A181DDA00A9CA01 /* Preview Assets.xcassets */ = {isa = PBXFileReference; lastKnownFileType = folder.assetcatalog; path = "Preview Assets.xcassets"; sourceTree = "<group>"; };
		65B8543C2A3675C7000DC1BE /* AudioManager.swift */ = {isa = PBXFileReference; lastKnownFileType = sourcecode.swift; path = AudioManager.swift; sourceTree = "<group>"; };
		65B8544B2A390925000DC1BE /* CognitoAuthVM.swift */ = {isa = PBXFileReference; lastKnownFileType = sourcecode.swift; path = CognitoAuthVM.swift; sourceTree = "<group>"; };
		65C7C2A62A477F9F00016187 /* DialogBubble.swift */ = {isa = PBXFileReference; lastKnownFileType = sourcecode.swift; path = DialogBubble.swift; sourceTree = "<group>"; };
		65C7C2AA2A47887A00016187 /* DialogView.swift */ = {isa = PBXFileReference; lastKnownFileType = sourcecode.swift; path = DialogView.swift; sourceTree = "<group>"; };
		65C7C2AC2A478A7D00016187 /* PodcastView.swift */ = {isa = PBXFileReference; lastKnownFileType = sourcecode.swift; path = PodcastView.swift; sourceTree = "<group>"; };
		69C011DCF1152CCCC586BBF0 /* AmplifyModels.swift */ = {isa = PBXFileReference; explicitFileType = sourcecode.swift; name = AmplifyModels.swift; path = amplify/generated/models/AmplifyModels.swift; sourceTree = "<group>"; };
		75E327656B1EB841F9F7A8F5 /* awsconfiguration.json */ = {isa = PBXFileReference; explicitFileType = text.json; path = awsconfiguration.json; sourceTree = "<group>"; };
		E689CA9B481301F395A695A0 /* Podcast.swift */ = {isa = PBXFileReference; explicitFileType = sourcecode.swift; name = Podcast.swift; path = amplify/generated/models/Podcast.swift; sourceTree = "<group>"; };
/* End PBXFileReference section */

/* Begin PBXFrameworksBuildPhase section */
		657C2DBC2A181DD800A9CA01 /* Frameworks */ = {
			isa = PBXFrameworksBuildPhase;
			buildActionMask = 2147483647;
			files = (
				65733E4E2A4345370049C5C5 /* AWSPredictionsPlugin in Frameworks */,
				65733E522A4345370049C5C5 /* Amplify in Frameworks */,
				65733E482A4345370049C5C5 /* AWSAPIPlugin in Frameworks */,
				65B8544F2A390DC2000DC1BE /* Authenticator in Frameworks */,
				65733E4A2A4345370049C5C5 /* AWSCognitoAuthPlugin in Frameworks */,
				65733E4C2A4345370049C5C5 /* AWSDataStorePlugin in Frameworks */,
				65733E502A4345370049C5C5 /* AWSS3StoragePlugin in Frameworks */,
			);
			runOnlyForDeploymentPostprocessing = 0;
		};
/* End PBXFrameworksBuildPhase section */

/* Begin PBXGroup section */
		267D97C3BDD65073E4030B3B /* AmplifyConfig */ = {
			isa = PBXGroup;
			children = (
				75E327656B1EB841F9F7A8F5 /* awsconfiguration.json */,
				0E2B0F6A8304202FDBF55115 /* amplifyconfiguration.json */,
			);
			name = AmplifyConfig;
			sourceTree = "<group>";
		};
		4F3825F3A287F06AE61346F4 /* AmplifyModels */ = {
			isa = PBXGroup;
			children = (
				69C011DCF1152CCCC586BBF0 /* AmplifyModels.swift */,
				32BD5E3ED1F9ECE15E838D35 /* Podcast+Schema.swift */,
				E689CA9B481301F395A695A0 /* Podcast.swift */,
			);
			name = AmplifyModels;
			sourceTree = "<group>";
		};
		6545CB4E2A1BB86900747429 /* Model */ = {
			isa = PBXGroup;
			children = (
			);
			path = Model;
			sourceTree = "<group>";
		};
		6545CB4F2A1BB87600747429 /* View */ = {
			isa = PBXGroup;
			children = (
				654F3A332A263D6600C405ED /* PlayerView.swift */,
				654F3A352A263D7E00C405ED /* PlayButton.swift */,
<<<<<<< HEAD
				65C7C2A62A477F9F00016187 /* DialogBubble.swift */,
				65C7C2AA2A47887A00016187 /* DialogView.swift */,
				65C7C2AC2A478A7D00016187 /* PodcastView.swift */,
=======
				6549A5652A70794E00F684FD /* AuthenticatorView.swift */,
				6549A5672A71B04500F684FD /* SettingsView.swift */,
				6549A5692A71BD8E00F684FD /* SettingsButton.swift */,
				6549A56D2A730B5400F684FD /* BackButton.swift */,
>>>>>>> cognitoAuth
			);
			path = View;
			sourceTree = "<group>";
		};
		6545CB502A1BB87F00747429 /* ViewModel */ = {
			isa = PBXGroup;
			children = (
				65B8543C2A3675C7000DC1BE /* AudioManager.swift */,
				656229112A1BEA1F00FBD080 /* PodcastViewModel.swift */,
				65B8544B2A390925000DC1BE /* CognitoAuthVM.swift */,
			);
			path = ViewModel;
			sourceTree = "<group>";
		};
		657C2DB62A181DD800A9CA01 = {
			isa = PBXGroup;
			children = (
				657C2DC12A181DD800A9CA01 /* FrenchApp */,
				657C2DC02A181DD800A9CA01 /* Products */,
				267D97C3BDD65073E4030B3B /* AmplifyConfig */,
				4F3825F3A287F06AE61346F4 /* AmplifyModels */,
			);
			sourceTree = "<group>";
		};
		657C2DC02A181DD800A9CA01 /* Products */ = {
			isa = PBXGroup;
			children = (
				657C2DBF2A181DD800A9CA01 /* FrenchApp.app */,
			);
			name = Products;
			sourceTree = "<group>";
		};
		657C2DC12A181DD800A9CA01 /* FrenchApp */ = {
			isa = PBXGroup;
			children = (
				6545CB4E2A1BB86900747429 /* Model */,
				6545CB4F2A1BB87600747429 /* View */,
				6545CB502A1BB87F00747429 /* ViewModel */,
				657C2DC42A181DD800A9CA01 /* ContentView.swift */,
				657C2DC22A181DD800A9CA01 /* FrenchAppApp.swift */,
				657C2DC62A181DDA00A9CA01 /* Assets.xcassets */,
				657C2DC82A181DDA00A9CA01 /* FrenchApp.entitlements */,
				657C2DC92A181DDA00A9CA01 /* Preview Content */,
			);
			path = FrenchApp;
			sourceTree = "<group>";
		};
		657C2DC92A181DDA00A9CA01 /* Preview Content */ = {
			isa = PBXGroup;
			children = (
				657C2DCA2A181DDA00A9CA01 /* Preview Assets.xcassets */,
			);
			path = "Preview Content";
			sourceTree = "<group>";
		};
/* End PBXGroup section */

/* Begin PBXNativeTarget section */
		657C2DBE2A181DD800A9CA01 /* FrenchApp */ = {
			isa = PBXNativeTarget;
			buildConfigurationList = 657C2DCE2A181DDA00A9CA01 /* Build configuration list for PBXNativeTarget "FrenchApp" */;
			buildPhases = (
				657C2DBB2A181DD800A9CA01 /* Sources */,
				657C2DBC2A181DD800A9CA01 /* Frameworks */,
				657C2DBD2A181DD800A9CA01 /* Resources */,
			);
			buildRules = (
			);
			dependencies = (
			);
			name = FrenchApp;
			packageProductDependencies = (
				65B8544E2A390DC2000DC1BE /* Authenticator */,
				65733E472A4345370049C5C5 /* AWSAPIPlugin */,
				65733E492A4345370049C5C5 /* AWSCognitoAuthPlugin */,
				65733E4B2A4345370049C5C5 /* AWSDataStorePlugin */,
				65733E4D2A4345370049C5C5 /* AWSPredictionsPlugin */,
				65733E4F2A4345370049C5C5 /* AWSS3StoragePlugin */,
				65733E512A4345370049C5C5 /* Amplify */,
			);
			productName = FrenchApp;
			productReference = 657C2DBF2A181DD800A9CA01 /* FrenchApp.app */;
			productType = "com.apple.product-type.application";
		};
/* End PBXNativeTarget section */

/* Begin PBXProject section */
		657C2DB72A181DD800A9CA01 /* Project object */ = {
			isa = PBXProject;
			attributes = {
				BuildIndependentTargetsInParallel = 1;
				LastSwiftUpdateCheck = 1430;
				LastUpgradeCheck = 1430;
				TargetAttributes = {
					657C2DBE2A181DD800A9CA01 = {
						CreatedOnToolsVersion = 14.3;
					};
				};
			};
			buildConfigurationList = 657C2DBA2A181DD800A9CA01 /* Build configuration list for PBXProject "FrenchApp" */;
			compatibilityVersion = "Xcode 14.0";
			developmentRegion = en;
			hasScannedForEncodings = 0;
			knownRegions = (
				en,
				Base,
			);
			mainGroup = 657C2DB62A181DD800A9CA01;
			packageReferences = (
				65B8544D2A390DC2000DC1BE /* XCRemoteSwiftPackageReference "amplify-ui-swift-authenticator" */,
				65733E462A4345370049C5C5 /* XCRemoteSwiftPackageReference "amplify-swift" */,
			);
			productRefGroup = 657C2DC02A181DD800A9CA01 /* Products */;
			projectDirPath = "";
			projectRoot = "";
			targets = (
				657C2DBE2A181DD800A9CA01 /* FrenchApp */,
			);
		};
/* End PBXProject section */

/* Begin PBXResourcesBuildPhase section */
		657C2DBD2A181DD800A9CA01 /* Resources */ = {
			isa = PBXResourcesBuildPhase;
			buildActionMask = 2147483647;
			files = (
				657C2DCB2A181DDA00A9CA01 /* Preview Assets.xcassets in Resources */,
				657C2DC72A181DDA00A9CA01 /* Assets.xcassets in Resources */,
				16AFDEE7CF800C49BC1EB1C3 /* awsconfiguration.json in Resources */,
				3DAC38B493A656FEE137BB91 /* amplifyconfiguration.json in Resources */,
			);
			runOnlyForDeploymentPostprocessing = 0;
		};
/* End PBXResourcesBuildPhase section */

/* Begin PBXSourcesBuildPhase section */
		657C2DBB2A181DD800A9CA01 /* Sources */ = {
			isa = PBXSourcesBuildPhase;
			buildActionMask = 2147483647;
			files = (
				65B8544C2A390925000DC1BE /* CognitoAuthVM.swift in Sources */,
				657C2DC52A181DD800A9CA01 /* ContentView.swift in Sources */,
				654F3A342A263D6600C405ED /* PlayerView.swift in Sources */,
				657C2DC32A181DD800A9CA01 /* FrenchAppApp.swift in Sources */,
				65C7C2AB2A47887A00016187 /* DialogView.swift in Sources */,
				65C7C2AD2A478A7D00016187 /* PodcastView.swift in Sources */,
				654F3A362A263D7E00C405ED /* PlayButton.swift in Sources */,
				6549A56A2A71BD8E00F684FD /* SettingsButton.swift in Sources */,
				64C9975427DCA45AA44743D2 /* AmplifyModels.swift in Sources */,
				656229122A1BEA1F00FBD080 /* PodcastViewModel.swift in Sources */,
				65B8543D2A3675C7000DC1BE /* AudioManager.swift in Sources */,
				FF1297FF7C336894313921D9 /* Podcast+Schema.swift in Sources */,

				6549A5682A71B04500F684FD /* SettingsView.swift in Sources */,

				CCD96679DD436622A0763B2E /* Podcast.swift in Sources */,
				6549A56E2A730B5400F684FD /* BackButton.swift in Sources */,
				6549A5662A70794E00F684FD /* AuthenticatorView.swift in Sources */,
			);
			runOnlyForDeploymentPostprocessing = 0;
		};
/* End PBXSourcesBuildPhase section */

/* Begin XCBuildConfiguration section */
		657C2DCC2A181DDA00A9CA01 /* Debug */ = {
			isa = XCBuildConfiguration;
			buildSettings = {
				ALWAYS_SEARCH_USER_PATHS = NO;
				CLANG_ANALYZER_NONNULL = YES;
				CLANG_ANALYZER_NUMBER_OBJECT_CONVERSION = YES_AGGRESSIVE;
				CLANG_CXX_LANGUAGE_STANDARD = "gnu++20";
				CLANG_ENABLE_MODULES = YES;
				CLANG_ENABLE_OBJC_ARC = YES;
				CLANG_ENABLE_OBJC_WEAK = YES;
				CLANG_WARN_BLOCK_CAPTURE_AUTORELEASING = YES;
				CLANG_WARN_BOOL_CONVERSION = YES;
				CLANG_WARN_COMMA = YES;
				CLANG_WARN_CONSTANT_CONVERSION = YES;
				CLANG_WARN_DEPRECATED_OBJC_IMPLEMENTATIONS = YES;
				CLANG_WARN_DIRECT_OBJC_ISA_USAGE = YES_ERROR;
				CLANG_WARN_DOCUMENTATION_COMMENTS = YES;
				CLANG_WARN_EMPTY_BODY = YES;
				CLANG_WARN_ENUM_CONVERSION = YES;
				CLANG_WARN_INFINITE_RECURSION = YES;
				CLANG_WARN_INT_CONVERSION = YES;
				CLANG_WARN_NON_LITERAL_NULL_CONVERSION = YES;
				CLANG_WARN_OBJC_IMPLICIT_RETAIN_SELF = YES;
				CLANG_WARN_OBJC_LITERAL_CONVERSION = YES;
				CLANG_WARN_OBJC_ROOT_CLASS = YES_ERROR;
				CLANG_WARN_QUOTED_INCLUDE_IN_FRAMEWORK_HEADER = YES;
				CLANG_WARN_RANGE_LOOP_ANALYSIS = YES;
				CLANG_WARN_STRICT_PROTOTYPES = YES;
				CLANG_WARN_SUSPICIOUS_MOVE = YES;
				CLANG_WARN_UNGUARDED_AVAILABILITY = YES_AGGRESSIVE;
				CLANG_WARN_UNREACHABLE_CODE = YES;
				CLANG_WARN__DUPLICATE_METHOD_MATCH = YES;
				COPY_PHASE_STRIP = NO;
				DEBUG_INFORMATION_FORMAT = dwarf;
				ENABLE_STRICT_OBJC_MSGSEND = YES;
				ENABLE_TESTABILITY = YES;
				GCC_C_LANGUAGE_STANDARD = gnu11;
				GCC_DYNAMIC_NO_PIC = NO;
				GCC_NO_COMMON_BLOCKS = YES;
				GCC_OPTIMIZATION_LEVEL = 0;
				GCC_PREPROCESSOR_DEFINITIONS = (
					"DEBUG=1",
					"$(inherited)",
				);
				GCC_WARN_64_TO_32_BIT_CONVERSION = YES;
				GCC_WARN_ABOUT_RETURN_TYPE = YES_ERROR;
				GCC_WARN_UNDECLARED_SELECTOR = YES;
				GCC_WARN_UNINITIALIZED_AUTOS = YES_AGGRESSIVE;
				GCC_WARN_UNUSED_FUNCTION = YES;
				GCC_WARN_UNUSED_VARIABLE = YES;
				MTL_ENABLE_DEBUG_INFO = INCLUDE_SOURCE;
				MTL_FAST_MATH = YES;
				ONLY_ACTIVE_ARCH = YES;
				SWIFT_ACTIVE_COMPILATION_CONDITIONS = DEBUG;
				SWIFT_OPTIMIZATION_LEVEL = "-Onone";
			};
			name = Debug;
		};
		657C2DCD2A181DDA00A9CA01 /* Release */ = {
			isa = XCBuildConfiguration;
			buildSettings = {
				ALWAYS_SEARCH_USER_PATHS = NO;
				CLANG_ANALYZER_NONNULL = YES;
				CLANG_ANALYZER_NUMBER_OBJECT_CONVERSION = YES_AGGRESSIVE;
				CLANG_CXX_LANGUAGE_STANDARD = "gnu++20";
				CLANG_ENABLE_MODULES = YES;
				CLANG_ENABLE_OBJC_ARC = YES;
				CLANG_ENABLE_OBJC_WEAK = YES;
				CLANG_WARN_BLOCK_CAPTURE_AUTORELEASING = YES;
				CLANG_WARN_BOOL_CONVERSION = YES;
				CLANG_WARN_COMMA = YES;
				CLANG_WARN_CONSTANT_CONVERSION = YES;
				CLANG_WARN_DEPRECATED_OBJC_IMPLEMENTATIONS = YES;
				CLANG_WARN_DIRECT_OBJC_ISA_USAGE = YES_ERROR;
				CLANG_WARN_DOCUMENTATION_COMMENTS = YES;
				CLANG_WARN_EMPTY_BODY = YES;
				CLANG_WARN_ENUM_CONVERSION = YES;
				CLANG_WARN_INFINITE_RECURSION = YES;
				CLANG_WARN_INT_CONVERSION = YES;
				CLANG_WARN_NON_LITERAL_NULL_CONVERSION = YES;
				CLANG_WARN_OBJC_IMPLICIT_RETAIN_SELF = YES;
				CLANG_WARN_OBJC_LITERAL_CONVERSION = YES;
				CLANG_WARN_OBJC_ROOT_CLASS = YES_ERROR;
				CLANG_WARN_QUOTED_INCLUDE_IN_FRAMEWORK_HEADER = YES;
				CLANG_WARN_RANGE_LOOP_ANALYSIS = YES;
				CLANG_WARN_STRICT_PROTOTYPES = YES;
				CLANG_WARN_SUSPICIOUS_MOVE = YES;
				CLANG_WARN_UNGUARDED_AVAILABILITY = YES_AGGRESSIVE;
				CLANG_WARN_UNREACHABLE_CODE = YES;
				CLANG_WARN__DUPLICATE_METHOD_MATCH = YES;
				COPY_PHASE_STRIP = NO;
				DEBUG_INFORMATION_FORMAT = "dwarf-with-dsym";
				ENABLE_NS_ASSERTIONS = NO;
				ENABLE_STRICT_OBJC_MSGSEND = YES;
				GCC_C_LANGUAGE_STANDARD = gnu11;
				GCC_NO_COMMON_BLOCKS = YES;
				GCC_WARN_64_TO_32_BIT_CONVERSION = YES;
				GCC_WARN_ABOUT_RETURN_TYPE = YES_ERROR;
				GCC_WARN_UNDECLARED_SELECTOR = YES;
				GCC_WARN_UNINITIALIZED_AUTOS = YES_AGGRESSIVE;
				GCC_WARN_UNUSED_FUNCTION = YES;
				GCC_WARN_UNUSED_VARIABLE = YES;
				MTL_ENABLE_DEBUG_INFO = NO;
				MTL_FAST_MATH = YES;
				SWIFT_COMPILATION_MODE = wholemodule;
				SWIFT_OPTIMIZATION_LEVEL = "-O";
			};
			name = Release;
		};
		657C2DCF2A181DDA00A9CA01 /* Debug */ = {
			isa = XCBuildConfiguration;
			buildSettings = {
				ASSETCATALOG_COMPILER_APPICON_NAME = AppIcon;
				ASSETCATALOG_COMPILER_GLOBAL_ACCENT_COLOR_NAME = AccentColor;
				CODE_SIGN_ENTITLEMENTS = FrenchApp/FrenchApp.entitlements;
				CODE_SIGN_STYLE = Automatic;
				CURRENT_PROJECT_VERSION = 1;
				DEVELOPMENT_ASSET_PATHS = "\"FrenchApp/Preview Content\"";
				DEVELOPMENT_TEAM = 54WBT8TSTM;
				ENABLE_HARDENED_RUNTIME = YES;
				ENABLE_PREVIEWS = YES;
				GENERATE_INFOPLIST_FILE = YES;
				"INFOPLIST_KEY_UIApplicationSceneManifest_Generation[sdk=iphoneos*]" = YES;
				"INFOPLIST_KEY_UIApplicationSceneManifest_Generation[sdk=iphonesimulator*]" = YES;
				"INFOPLIST_KEY_UIApplicationSupportsIndirectInputEvents[sdk=iphoneos*]" = YES;
				"INFOPLIST_KEY_UIApplicationSupportsIndirectInputEvents[sdk=iphonesimulator*]" = YES;
				"INFOPLIST_KEY_UILaunchScreen_Generation[sdk=iphoneos*]" = YES;
				"INFOPLIST_KEY_UILaunchScreen_Generation[sdk=iphonesimulator*]" = YES;
				"INFOPLIST_KEY_UIStatusBarStyle[sdk=iphoneos*]" = UIStatusBarStyleDefault;
				"INFOPLIST_KEY_UIStatusBarStyle[sdk=iphonesimulator*]" = UIStatusBarStyleDefault;
				INFOPLIST_KEY_UISupportedInterfaceOrientations_iPad = "UIInterfaceOrientationPortrait UIInterfaceOrientationPortraitUpsideDown UIInterfaceOrientationLandscapeLeft UIInterfaceOrientationLandscapeRight";
				INFOPLIST_KEY_UISupportedInterfaceOrientations_iPhone = "UIInterfaceOrientationPortrait UIInterfaceOrientationLandscapeLeft UIInterfaceOrientationLandscapeRight";
				IPHONEOS_DEPLOYMENT_TARGET = 16.4;
				LD_RUNPATH_SEARCH_PATHS = "@executable_path/Frameworks";
				"LD_RUNPATH_SEARCH_PATHS[sdk=macosx*]" = "@executable_path/../Frameworks";
				MACOSX_DEPLOYMENT_TARGET = 13.3;
				MARKETING_VERSION = 1.0;
				PRODUCT_BUNDLE_IDENTIFIER = com.andrearamonroy.FrenchApp;
				PRODUCT_NAME = "$(TARGET_NAME)";
				SDKROOT = auto;
				SUPPORTED_PLATFORMS = "iphoneos iphonesimulator macosx";
				SWIFT_EMIT_LOC_STRINGS = YES;
				SWIFT_VERSION = 5.0;
				TARGETED_DEVICE_FAMILY = "1,2";
			};
			name = Debug;
		};
		657C2DD02A181DDA00A9CA01 /* Release */ = {
			isa = XCBuildConfiguration;
			buildSettings = {
				ASSETCATALOG_COMPILER_APPICON_NAME = AppIcon;
				ASSETCATALOG_COMPILER_GLOBAL_ACCENT_COLOR_NAME = AccentColor;
				CODE_SIGN_ENTITLEMENTS = FrenchApp/FrenchApp.entitlements;
				CODE_SIGN_STYLE = Automatic;
				CURRENT_PROJECT_VERSION = 1;
				DEVELOPMENT_ASSET_PATHS = "\"FrenchApp/Preview Content\"";
				DEVELOPMENT_TEAM = 54WBT8TSTM;
				ENABLE_HARDENED_RUNTIME = YES;
				ENABLE_PREVIEWS = YES;
				GENERATE_INFOPLIST_FILE = YES;
				"INFOPLIST_KEY_UIApplicationSceneManifest_Generation[sdk=iphoneos*]" = YES;
				"INFOPLIST_KEY_UIApplicationSceneManifest_Generation[sdk=iphonesimulator*]" = YES;
				"INFOPLIST_KEY_UIApplicationSupportsIndirectInputEvents[sdk=iphoneos*]" = YES;
				"INFOPLIST_KEY_UIApplicationSupportsIndirectInputEvents[sdk=iphonesimulator*]" = YES;
				"INFOPLIST_KEY_UILaunchScreen_Generation[sdk=iphoneos*]" = YES;
				"INFOPLIST_KEY_UILaunchScreen_Generation[sdk=iphonesimulator*]" = YES;
				"INFOPLIST_KEY_UIStatusBarStyle[sdk=iphoneos*]" = UIStatusBarStyleDefault;
				"INFOPLIST_KEY_UIStatusBarStyle[sdk=iphonesimulator*]" = UIStatusBarStyleDefault;
				INFOPLIST_KEY_UISupportedInterfaceOrientations_iPad = "UIInterfaceOrientationPortrait UIInterfaceOrientationPortraitUpsideDown UIInterfaceOrientationLandscapeLeft UIInterfaceOrientationLandscapeRight";
				INFOPLIST_KEY_UISupportedInterfaceOrientations_iPhone = "UIInterfaceOrientationPortrait UIInterfaceOrientationLandscapeLeft UIInterfaceOrientationLandscapeRight";
				IPHONEOS_DEPLOYMENT_TARGET = 16.4;
				LD_RUNPATH_SEARCH_PATHS = "@executable_path/Frameworks";
				"LD_RUNPATH_SEARCH_PATHS[sdk=macosx*]" = "@executable_path/../Frameworks";
				MACOSX_DEPLOYMENT_TARGET = 13.3;
				MARKETING_VERSION = 1.0;
				PRODUCT_BUNDLE_IDENTIFIER = com.andrearamonroy.FrenchApp;
				PRODUCT_NAME = "$(TARGET_NAME)";
				SDKROOT = auto;
				SUPPORTED_PLATFORMS = "iphoneos iphonesimulator macosx";
				SWIFT_EMIT_LOC_STRINGS = YES;
				SWIFT_VERSION = 5.0;
				TARGETED_DEVICE_FAMILY = "1,2";
			};
			name = Release;
		};
/* End XCBuildConfiguration section */

/* Begin XCConfigurationList section */
		657C2DBA2A181DD800A9CA01 /* Build configuration list for PBXProject "FrenchApp" */ = {
			isa = XCConfigurationList;
			buildConfigurations = (
				657C2DCC2A181DDA00A9CA01 /* Debug */,
				657C2DCD2A181DDA00A9CA01 /* Release */,
			);
			defaultConfigurationIsVisible = 0;
			defaultConfigurationName = Release;
		};
		657C2DCE2A181DDA00A9CA01 /* Build configuration list for PBXNativeTarget "FrenchApp" */ = {
			isa = XCConfigurationList;
			buildConfigurations = (
				657C2DCF2A181DDA00A9CA01 /* Debug */,
				657C2DD02A181DDA00A9CA01 /* Release */,
			);
			defaultConfigurationIsVisible = 0;
			defaultConfigurationName = Release;
		};
/* End XCConfigurationList section */

/* Begin XCRemoteSwiftPackageReference section */
		65733E462A4345370049C5C5 /* XCRemoteSwiftPackageReference "amplify-swift" */ = {
			isa = XCRemoteSwiftPackageReference;
			repositoryURL = "https://github.com/aws-amplify/amplify-swift";
			requirement = {
				kind = upToNextMajorVersion;
				minimumVersion = 2.11.7;
			};
		};
		65B8544D2A390DC2000DC1BE /* XCRemoteSwiftPackageReference "amplify-ui-swift-authenticator" */ = {
			isa = XCRemoteSwiftPackageReference;
			repositoryURL = "https://github.com/aws-amplify/amplify-ui-swift-authenticator";
			requirement = {
				kind = upToNextMajorVersion;
				minimumVersion = 1.0.0;
			};
		};
/* End XCRemoteSwiftPackageReference section */

/* Begin XCSwiftPackageProductDependency section */
		65733E472A4345370049C5C5 /* AWSAPIPlugin */ = {
			isa = XCSwiftPackageProductDependency;
			package = 65733E462A4345370049C5C5 /* XCRemoteSwiftPackageReference "amplify-swift" */;
			productName = AWSAPIPlugin;
		};
		65733E492A4345370049C5C5 /* AWSCognitoAuthPlugin */ = {
			isa = XCSwiftPackageProductDependency;
			package = 65733E462A4345370049C5C5 /* XCRemoteSwiftPackageReference "amplify-swift" */;
			productName = AWSCognitoAuthPlugin;
		};
		65733E4B2A4345370049C5C5 /* AWSDataStorePlugin */ = {
			isa = XCSwiftPackageProductDependency;
			package = 65733E462A4345370049C5C5 /* XCRemoteSwiftPackageReference "amplify-swift" */;
			productName = AWSDataStorePlugin;
		};
		65733E4D2A4345370049C5C5 /* AWSPredictionsPlugin */ = {
			isa = XCSwiftPackageProductDependency;
			package = 65733E462A4345370049C5C5 /* XCRemoteSwiftPackageReference "amplify-swift" */;
			productName = AWSPredictionsPlugin;
		};
		65733E4F2A4345370049C5C5 /* AWSS3StoragePlugin */ = {
			isa = XCSwiftPackageProductDependency;
			package = 65733E462A4345370049C5C5 /* XCRemoteSwiftPackageReference "amplify-swift" */;
			productName = AWSS3StoragePlugin;
		};
		65733E512A4345370049C5C5 /* Amplify */ = {
			isa = XCSwiftPackageProductDependency;
			package = 65733E462A4345370049C5C5 /* XCRemoteSwiftPackageReference "amplify-swift" */;
			productName = Amplify;
		};
		65B8544E2A390DC2000DC1BE /* Authenticator */ = {
			isa = XCSwiftPackageProductDependency;
			package = 65B8544D2A390DC2000DC1BE /* XCRemoteSwiftPackageReference "amplify-ui-swift-authenticator" */;
			productName = Authenticator;
		};
/* End XCSwiftPackageProductDependency section */
	};
	rootObject = 657C2DB72A181DD800A9CA01 /* Project object */;
}
